
Microsoft Visual Studio Solution File, Format Version 12.00
# Visual Studio 15
VisualStudioVersion = 15.0.27130.2020
MinimumVisualStudioVersion = 10.0.40219.1
Project("{FAE04EC0-301F-11D3-BF4B-00C04F79EFBC}") = "ArticleApp", "ArticleApp\ArticleApp.csproj", "{DE1DCD56-2EB8-443B-920F-2F2BF8B4D069}"
EndProject
Global
	GlobalSection(SolutionConfigurationPlatforms) = preSolution
		Debug|Any CPU = Debug|Any CPU
		Release|Any CPU = Release|Any CPU
	EndGlobalSection
	GlobalSection(ProjectConfigurationPlatforms) = postSolution
		{DE1DCD56-2EB8-443B-920F-2F2BF8B4D069}.Debug|Any CPU.ActiveCfg = Debug|Any CPU
		{DE1DCD56-2EB8-443B-920F-2F2BF8B4D069}.Debug|Any CPU.Build.0 = Debug|Any CPU
		{DE1DCD56-2EB8-443B-920F-2F2BF8B4D069}.Release|Any CPU.ActiveCfg = Release|Any CPU
		{DE1DCD56-2EB8-443B-920F-2F2BF8B4D069}.Release|Any CPU.Build.0 = Release|Any CPU
	EndGlobalSection
	GlobalSection(SolutionProperties) = preSolution
		HideSolutionNode = FALSE
	EndGlobalSection
	GlobalSection(ExtensibilityGlobals) = postSolution
		SolutionGuid = {455AB9C8-AECD-4DE5-AB36-C39C1F1B2939}
	EndGlobalSection
EndGlobal
